// !$*UTF8*$!
{
	archiveVersion = 1;
	classes = {
	};
	objectVersion = 56;
	objects = {

/* Begin PBXBuildFile section */
		4DE2C3D82C9319010061F44F /* AppDelegate.swift in Sources */ = {isa = PBXBuildFile; fileRef = 4DE2C3D72C9319010061F44F /* AppDelegate.swift */; };
		4DE2C3DA2C9319010061F44F /* SceneDelegate.swift in Sources */ = {isa = PBXBuildFile; fileRef = 4DE2C3D92C9319010061F44F /* SceneDelegate.swift */; };
		4DE2C3DC2C9319010061F44F /* ViewController.swift in Sources */ = {isa = PBXBuildFile; fileRef = 4DE2C3DB2C9319010061F44F /* ViewController.swift */; };
		4DE2C3DF2C9319010061F44F /* Base in Resources */ = {isa = PBXBuildFile; fileRef = 4DE2C3DE2C9319010061F44F /* Base */; };
		4DE2C3E12C9319060061F44F /* Assets.xcassets in Resources */ = {isa = PBXBuildFile; fileRef = 4DE2C3E02C9319060061F44F /* Assets.xcassets */; };
		4DE2C3E42C9319060061F44F /* Base in Resources */ = {isa = PBXBuildFile; fileRef = 4DE2C3E32C9319060061F44F /* Base */; };
		4DE2C3EF2C9319070061F44F /* _st_hw_HyeonSeunghunTests.swift in Sources */ = {isa = PBXBuildFile; fileRef = 4DE2C3EE2C9319070061F44F /* _st_hw_HyeonSeunghunTests.swift */; };
		4DE2C3F92C9319070061F44F /* _st_hw_HyeonSeunghunUITests.swift in Sources */ = {isa = PBXBuildFile; fileRef = 4DE2C3F82C9319070061F44F /* _st_hw_HyeonSeunghunUITests.swift */; };
		4DE2C3FB2C9319070061F44F /* _st_hw_HyeonSeunghunUITestsLaunchTests.swift in Sources */ = {isa = PBXBuildFile; fileRef = 4DE2C3FA2C9319070061F44F /* _st_hw_HyeonSeunghunUITestsLaunchTests.swift */; };
/* End PBXBuildFile section */

/* Begin PBXContainerItemProxy section */
		4DE2C3EB2C9319070061F44F /* PBXContainerItemProxy */ = {
			isa = PBXContainerItemProxy;
			containerPortal = 4DE2C3CC2C9319010061F44F /* Project object */;
			proxyType = 1;
			remoteGlobalIDString = 4DE2C3D32C9319010061F44F;
			remoteInfo = 0st_hw_HyeonSeunghun;
		};
		4DE2C3F52C9319070061F44F /* PBXContainerItemProxy */ = {
			isa = PBXContainerItemProxy;
			containerPortal = 4DE2C3CC2C9319010061F44F /* Project object */;
			proxyType = 1;
			remoteGlobalIDString = 4DE2C3D32C9319010061F44F;
			remoteInfo = 0st_hw_HyeonSeunghun;
		};
/* End PBXContainerItemProxy section */

/* Begin PBXFileReference section */
		4DE2C3D42C9319010061F44F /* 0st_hw_HyeonSeunghun.app */ = {isa = PBXFileReference; explicitFileType = wrapper.application; includeInIndex = 0; path = 0st_hw_HyeonSeunghun.app; sourceTree = BUILT_PRODUCTS_DIR; };
		4DE2C3D72C9319010061F44F /* AppDelegate.swift */ = {isa = PBXFileReference; lastKnownFileType = sourcecode.swift; path = AppDelegate.swift; sourceTree = "<group>"; };
		4DE2C3D92C9319010061F44F /* SceneDelegate.swift */ = {isa = PBXFileReference; lastKnownFileType = sourcecode.swift; path = SceneDelegate.swift; sourceTree = "<group>"; };
		4DE2C3DB2C9319010061F44F /* ViewController.swift */ = {isa = PBXFileReference; lastKnownFileType = sourcecode.swift; path = ViewController.swift; sourceTree = "<group>"; };
		4DE2C3DE2C9319010061F44F /* Base */ = {isa = PBXFileReference; lastKnownFileType = file.storyboard; name = Base; path = Base.lproj/Main.storyboard; sourceTree = "<group>"; };
		4DE2C3E02C9319060061F44F /* Assets.xcassets */ = {isa = PBXFileReference; lastKnownFileType = folder.assetcatalog; path = Assets.xcassets; sourceTree = "<group>"; };
		4DE2C3E32C9319060061F44F /* Base */ = {isa = PBXFileReference; lastKnownFileType = file.storyboard; name = Base; path = Base.lproj/LaunchScreen.storyboard; sourceTree = "<group>"; };
		4DE2C3E52C9319060061F44F /* Info.plist */ = {isa = PBXFileReference; lastKnownFileType = text.plist.xml; path = Info.plist; sourceTree = "<group>"; };
		4DE2C3EA2C9319070061F44F /* 0st_hw_HyeonSeunghunTests.xctest */ = {isa = PBXFileReference; explicitFileType = wrapper.cfbundle; includeInIndex = 0; path = 0st_hw_HyeonSeunghunTests.xctest; sourceTree = BUILT_PRODUCTS_DIR; };
		4DE2C3EE2C9319070061F44F /* _st_hw_HyeonSeunghunTests.swift */ = {isa = PBXFileReference; lastKnownFileType = sourcecode.swift; path = _st_hw_HyeonSeunghunTests.swift; sourceTree = "<group>"; };
		4DE2C3F42C9319070061F44F /* 0st_hw_HyeonSeunghunUITests.xctest */ = {isa = PBXFileReference; explicitFileType = wrapper.cfbundle; includeInIndex = 0; path = 0st_hw_HyeonSeunghunUITests.xctest; sourceTree = BUILT_PRODUCTS_DIR; };
		4DE2C3F82C9319070061F44F /* _st_hw_HyeonSeunghunUITests.swift */ = {isa = PBXFileReference; lastKnownFileType = sourcecode.swift; path = _st_hw_HyeonSeunghunUITests.swift; sourceTree = "<group>"; };
		4DE2C3FA2C9319070061F44F /* _st_hw_HyeonSeunghunUITestsLaunchTests.swift */ = {isa = PBXFileReference; lastKnownFileType = sourcecode.swift; path = _st_hw_HyeonSeunghunUITestsLaunchTests.swift; sourceTree = "<group>"; };
/* End PBXFileReference section */

/* Begin PBXFrameworksBuildPhase section */
		4DE2C3D12C9319010061F44F /* Frameworks */ = {
			isa = PBXFrameworksBuildPhase;
			buildActionMask = 2147483647;
			files = (
			);
			runOnlyForDeploymentPostprocessing = 0;
		};
		4DE2C3E72C9319070061F44F /* Frameworks */ = {
			isa = PBXFrameworksBuildPhase;
			buildActionMask = 2147483647;
			files = (
			);
			runOnlyForDeploymentPostprocessing = 0;
		};
		4DE2C3F12C9319070061F44F /* Frameworks */ = {
			isa = PBXFrameworksBuildPhase;
			buildActionMask = 2147483647;
			files = (
			);
			runOnlyForDeploymentPostprocessing = 0;
		};
/* End PBXFrameworksBuildPhase section */

/* Begin PBXGroup section */
		4DE2C3CB2C9319010061F44F = {
			isa = PBXGroup;
			children = (
				4DE2C3D62C9319010061F44F /* 0st_hw_HyeonSeunghun */,
				4DE2C3ED2C9319070061F44F /* 0st_hw_HyeonSeunghunTests */,
				4DE2C3F72C9319070061F44F /* 0st_hw_HyeonSeunghunUITests */,
				4DE2C3D52C9319010061F44F /* Products */,
			);
			sourceTree = "<group>";
		};
		4DE2C3D52C9319010061F44F /* Products */ = {
			isa = PBXGroup;
			children = (
				4DE2C3D42C9319010061F44F /* 0st_hw_HyeonSeunghun.app */,
				4DE2C3EA2C9319070061F44F /* 0st_hw_HyeonSeunghunTests.xctest */,
				4DE2C3F42C9319070061F44F /* 0st_hw_HyeonSeunghunUITests.xctest */,
			);
			name = Products;
			sourceTree = "<group>";
		};
		4DE2C3D62C9319010061F44F /* 0st_hw_HyeonSeunghun */ = {
			isa = PBXGroup;
			children = (
				4DE2C3D72C9319010061F44F /* AppDelegate.swift */,
				4DE2C3D92C9319010061F44F /* SceneDelegate.swift */,
				4DE2C3DB2C9319010061F44F /* ViewController.swift */,
				4DE2C3DD2C9319010061F44F /* Main.storyboard */,
				4DE2C3E02C9319060061F44F /* Assets.xcassets */,
				4DE2C3E22C9319060061F44F /* LaunchScreen.storyboard */,
				4DE2C3E52C9319060061F44F /* Info.plist */,
			);
			path = 0st_hw_HyeonSeunghun;
			sourceTree = "<group>";
		};
		4DE2C3ED2C9319070061F44F /* 0st_hw_HyeonSeunghunTests */ = {
			isa = PBXGroup;
			children = (
				4DE2C3EE2C9319070061F44F /* _st_hw_HyeonSeunghunTests.swift */,
			);
			path = 0st_hw_HyeonSeunghunTests;
			sourceTree = "<group>";
		};
		4DE2C3F72C9319070061F44F /* 0st_hw_HyeonSeunghunUITests */ = {
			isa = PBXGroup;
			children = (
				4DE2C3F82C9319070061F44F /* _st_hw_HyeonSeunghunUITests.swift */,
				4DE2C3FA2C9319070061F44F /* _st_hw_HyeonSeunghunUITestsLaunchTests.swift */,
			);
			path = 0st_hw_HyeonSeunghunUITests;
			sourceTree = "<group>";
		};
/* End PBXGroup section */

/* Begin PBXNativeTarget section */
		4DE2C3D32C9319010061F44F /* 0st_hw_HyeonSeunghun */ = {
			isa = PBXNativeTarget;
			buildConfigurationList = 4DE2C3FE2C9319070061F44F /* Build configuration list for PBXNativeTarget "0st_hw_HyeonSeunghun" */;
			buildPhases = (
				4DE2C3D02C9319010061F44F /* Sources */,
				4DE2C3D12C9319010061F44F /* Frameworks */,
				4DE2C3D22C9319010061F44F /* Resources */,
			);
			buildRules = (
			);
			dependencies = (
			);
			name = 0st_hw_HyeonSeunghun;
			productName = 0st_hw_HyeonSeunghun;
			productReference = 4DE2C3D42C9319010061F44F /* 0st_hw_HyeonSeunghun.app */;
			productType = "com.apple.product-type.application";
		};
		4DE2C3E92C9319070061F44F /* 0st_hw_HyeonSeunghunTests */ = {
			isa = PBXNativeTarget;
			buildConfigurationList = 4DE2C4012C9319070061F44F /* Build configuration list for PBXNativeTarget "0st_hw_HyeonSeunghunTests" */;
			buildPhases = (
				4DE2C3E62C9319070061F44F /* Sources */,
				4DE2C3E72C9319070061F44F /* Frameworks */,
				4DE2C3E82C9319070061F44F /* Resources */,
			);
			buildRules = (
			);
			dependencies = (
				4DE2C3EC2C9319070061F44F /* PBXTargetDependency */,
			);
			name = 0st_hw_HyeonSeunghunTests;
			productName = 0st_hw_HyeonSeunghunTests;
			productReference = 4DE2C3EA2C9319070061F44F /* 0st_hw_HyeonSeunghunTests.xctest */;
			productType = "com.apple.product-type.bundle.unit-test";
		};
		4DE2C3F32C9319070061F44F /* 0st_hw_HyeonSeunghunUITests */ = {
			isa = PBXNativeTarget;
			buildConfigurationList = 4DE2C4042C9319070061F44F /* Build configuration list for PBXNativeTarget "0st_hw_HyeonSeunghunUITests" */;
			buildPhases = (
				4DE2C3F02C9319070061F44F /* Sources */,
				4DE2C3F12C9319070061F44F /* Frameworks */,
				4DE2C3F22C9319070061F44F /* Resources */,
			);
			buildRules = (
			);
			dependencies = (
				4DE2C3F62C9319070061F44F /* PBXTargetDependency */,
			);
			name = 0st_hw_HyeonSeunghunUITests;
			productName = 0st_hw_HyeonSeunghunUITests;
			productReference = 4DE2C3F42C9319070061F44F /* 0st_hw_HyeonSeunghunUITests.xctest */;
			productType = "com.apple.product-type.bundle.ui-testing";
		};
/* End PBXNativeTarget section */

/* Begin PBXProject section */
		4DE2C3CC2C9319010061F44F /* Project object */ = {
			isa = PBXProject;
			attributes = {
				BuildIndependentTargetsInParallel = 1;
				LastSwiftUpdateCheck = 1540;
				LastUpgradeCheck = 1540;
				TargetAttributes = {
					4DE2C3D32C9319010061F44F = {
						CreatedOnToolsVersion = 15.4;
					};
					4DE2C3E92C9319070061F44F = {
						CreatedOnToolsVersion = 15.4;
						TestTargetID = 4DE2C3D32C9319010061F44F;
					};
					4DE2C3F32C9319070061F44F = {
						CreatedOnToolsVersion = 15.4;
						TestTargetID = 4DE2C3D32C9319010061F44F;
					};
				};
			};
			buildConfigurationList = 4DE2C3CF2C9319010061F44F /* Build configuration list for PBXProject "0st_hw_HyeonSeunghun" */;
			compatibilityVersion = "Xcode 14.0";
			developmentRegion = en;
			hasScannedForEncodings = 0;
			knownRegions = (
				en,
				Base,
			);
			mainGroup = 4DE2C3CB2C9319010061F44F;
			productRefGroup = 4DE2C3D52C9319010061F44F /* Products */;
			projectDirPath = "";
			projectRoot = "";
			targets = (
				4DE2C3D32C9319010061F44F /* 0st_hw_HyeonSeunghun */,
				4DE2C3E92C9319070061F44F /* 0st_hw_HyeonSeunghunTests */,
				4DE2C3F32C9319070061F44F /* 0st_hw_HyeonSeunghunUITests */,
			);
		};
/* End PBXProject section */

/* Begin PBXResourcesBuildPhase section */
		4DE2C3D22C9319010061F44F /* Resources */ = {
			isa = PBXResourcesBuildPhase;
			buildActionMask = 2147483647;
			files = (
				4DE2C3E12C9319060061F44F /* Assets.xcassets in Resources */,
				4DE2C3E42C9319060061F44F /* Base in Resources */,
				4DE2C3DF2C9319010061F44F /* Base in Resources */,
			);
			runOnlyForDeploymentPostprocessing = 0;
		};
		4DE2C3E82C9319070061F44F /* Resources */ = {
			isa = PBXResourcesBuildPhase;
			buildActionMask = 2147483647;
			files = (
			);
			runOnlyForDeploymentPostprocessing = 0;
		};
		4DE2C3F22C9319070061F44F /* Resources */ = {
			isa = PBXResourcesBuildPhase;
			buildActionMask = 2147483647;
			files = (
			);
			runOnlyForDeploymentPostprocessing = 0;
		};
/* End PBXResourcesBuildPhase section */

/* Begin PBXSourcesBuildPhase section */
		4DE2C3D02C9319010061F44F /* Sources */ = {
			isa = PBXSourcesBuildPhase;
			buildActionMask = 2147483647;
			files = (
				4DE2C3DC2C9319010061F44F /* ViewController.swift in Sources */,
				4DE2C3D82C9319010061F44F /* AppDelegate.swift in Sources */,
				4DE2C3DA2C9319010061F44F /* SceneDelegate.swift in Sources */,
			);
			runOnlyForDeploymentPostprocessing = 0;
		};
		4DE2C3E62C9319070061F44F /* Sources */ = {
			isa = PBXSourcesBuildPhase;
			buildActionMask = 2147483647;
			files = (
				4DE2C3EF2C9319070061F44F /* _st_hw_HyeonSeunghunTests.swift in Sources */,
			);
			runOnlyForDeploymentPostprocessing = 0;
		};
		4DE2C3F02C9319070061F44F /* Sources */ = {
			isa = PBXSourcesBuildPhase;
			buildActionMask = 2147483647;
			files = (
				4DE2C3F92C9319070061F44F /* _st_hw_HyeonSeunghunUITests.swift in Sources */,
				4DE2C3FB2C9319070061F44F /* _st_hw_HyeonSeunghunUITestsLaunchTests.swift in Sources */,
			);
			runOnlyForDeploymentPostprocessing = 0;
		};
/* End PBXSourcesBuildPhase section */

/* Begin PBXTargetDependency section */
		4DE2C3EC2C9319070061F44F /* PBXTargetDependency */ = {
			isa = PBXTargetDependency;
			target = 4DE2C3D32C9319010061F44F /* 0st_hw_HyeonSeunghun */;
			targetProxy = 4DE2C3EB2C9319070061F44F /* PBXContainerItemProxy */;
		};
		4DE2C3F62C9319070061F44F /* PBXTargetDependency */ = {
			isa = PBXTargetDependency;
			target = 4DE2C3D32C9319010061F44F /* 0st_hw_HyeonSeunghun */;
			targetProxy = 4DE2C3F52C9319070061F44F /* PBXContainerItemProxy */;
		};
/* End PBXTargetDependency section */

/* Begin PBXVariantGroup section */
		4DE2C3DD2C9319010061F44F /* Main.storyboard */ = {
			isa = PBXVariantGroup;
			children = (
				4DE2C3DE2C9319010061F44F /* Base */,
			);
			name = Main.storyboard;
			sourceTree = "<group>";
		};
		4DE2C3E22C9319060061F44F /* LaunchScreen.storyboard */ = {
			isa = PBXVariantGroup;
			children = (
				4DE2C3E32C9319060061F44F /* Base */,
			);
			name = LaunchScreen.storyboard;
			sourceTree = "<group>";
		};
/* End PBXVariantGroup section */

/* Begin XCBuildConfiguration section */
		4DE2C3FC2C9319070061F44F /* Debug */ = {
			isa = XCBuildConfiguration;
			buildSettings = {
				ALWAYS_SEARCH_USER_PATHS = NO;
				ASSETCATALOG_COMPILER_GENERATE_SWIFT_ASSET_SYMBOL_EXTENSIONS = YES;
				CLANG_ANALYZER_NONNULL = YES;
				CLANG_ANALYZER_NUMBER_OBJECT_CONVERSION = YES_AGGRESSIVE;
				CLANG_CXX_LANGUAGE_STANDARD = "gnu++20";
				CLANG_ENABLE_MODULES = YES;
				CLANG_ENABLE_OBJC_ARC = YES;
				CLANG_ENABLE_OBJC_WEAK = YES;
				CLANG_WARN_BLOCK_CAPTURE_AUTORELEASING = YES;
				CLANG_WARN_BOOL_CONVERSION = YES;
				CLANG_WARN_COMMA = YES;
				CLANG_WARN_CONSTANT_CONVERSION = YES;
				CLANG_WARN_DEPRECATED_OBJC_IMPLEMENTATIONS = YES;
				CLANG_WARN_DIRECT_OBJC_ISA_USAGE = YES_ERROR;
				CLANG_WARN_DOCUMENTATION_COMMENTS = YES;
				CLANG_WARN_EMPTY_BODY = YES;
				CLANG_WARN_ENUM_CONVERSION = YES;
				CLANG_WARN_INFINITE_RECURSION = YES;
				CLANG_WARN_INT_CONVERSION = YES;
				CLANG_WARN_NON_LITERAL_NULL_CONVERSION = YES;
				CLANG_WARN_OBJC_IMPLICIT_RETAIN_SELF = YES;
				CLANG_WARN_OBJC_LITERAL_CONVERSION = YES;
				CLANG_WARN_OBJC_ROOT_CLASS = YES_ERROR;
				CLANG_WARN_QUOTED_INCLUDE_IN_FRAMEWORK_HEADER = YES;
				CLANG_WARN_RANGE_LOOP_ANALYSIS = YES;
				CLANG_WARN_STRICT_PROTOTYPES = YES;
				CLANG_WARN_SUSPICIOUS_MOVE = YES;
				CLANG_WARN_UNGUARDED_AVAILABILITY = YES_AGGRESSIVE;
				CLANG_WARN_UNREACHABLE_CODE = YES;
				CLANG_WARN__DUPLICATE_METHOD_MATCH = YES;
				COPY_PHASE_STRIP = NO;
				DEBUG_INFORMATION_FORMAT = dwarf;
				ENABLE_STRICT_OBJC_MSGSEND = YES;
				ENABLE_TESTABILITY = YES;
				ENABLE_USER_SCRIPT_SANDBOXING = YES;
				GCC_C_LANGUAGE_STANDARD = gnu17;
				GCC_DYNAMIC_NO_PIC = NO;
				GCC_NO_COMMON_BLOCKS = YES;
				GCC_OPTIMIZATION_LEVEL = 0;
				GCC_PREPROCESSOR_DEFINITIONS = (
					"DEBUG=1",
					"$(inherited)",
				);
				GCC_WARN_64_TO_32_BIT_CONVERSION = YES;
				GCC_WARN_ABOUT_RETURN_TYPE = YES_ERROR;
				GCC_WARN_UNDECLARED_SELECTOR = YES;
				GCC_WARN_UNINITIALIZED_AUTOS = YES_AGGRESSIVE;
				GCC_WARN_UNUSED_FUNCTION = YES;
				GCC_WARN_UNUSED_VARIABLE = YES;
				IPHONEOS_DEPLOYMENT_TARGET = 17.5;
				LOCALIZATION_PREFERS_STRING_CATALOGS = YES;
				MTL_ENABLE_DEBUG_INFO = INCLUDE_SOURCE;
				MTL_FAST_MATH = YES;
				ONLY_ACTIVE_ARCH = YES;
				SDKROOT = iphoneos;
				SWIFT_ACTIVE_COMPILATION_CONDITIONS = "DEBUG $(inherited)";
				SWIFT_OPTIMIZATION_LEVEL = "-Onone";
			};
			name = Debug;
		};
		4DE2C3FD2C9319070061F44F /* Release */ = {
			isa = XCBuildConfiguration;
			buildSettings = {
				ALWAYS_SEARCH_USER_PATHS = NO;
				ASSETCATALOG_COMPILER_GENERATE_SWIFT_ASSET_SYMBOL_EXTENSIONS = YES;
				CLANG_ANALYZER_NONNULL = YES;
				CLANG_ANALYZER_NUMBER_OBJECT_CONVERSION = YES_AGGRESSIVE;
				CLANG_CXX_LANGUAGE_STANDARD = "gnu++20";
				CLANG_ENABLE_MODULES = YES;
				CLANG_ENABLE_OBJC_ARC = YES;
				CLANG_ENABLE_OBJC_WEAK = YES;
				CLANG_WARN_BLOCK_CAPTURE_AUTORELEASING = YES;
				CLANG_WARN_BOOL_CONVERSION = YES;
				CLANG_WARN_COMMA = YES;
				CLANG_WARN_CONSTANT_CONVERSION = YES;
				CLANG_WARN_DEPRECATED_OBJC_IMPLEMENTATIONS = YES;
				CLANG_WARN_DIRECT_OBJC_ISA_USAGE = YES_ERROR;
				CLANG_WARN_DOCUMENTATION_COMMENTS = YES;
				CLANG_WARN_EMPTY_BODY = YES;
				CLANG_WARN_ENUM_CONVERSION = YES;
				CLANG_WARN_INFINITE_RECURSION = YES;
				CLANG_WARN_INT_CONVERSION = YES;
				CLANG_WARN_NON_LITERAL_NULL_CONVERSION = YES;
				CLANG_WARN_OBJC_IMPLICIT_RETAIN_SELF = YES;
				CLANG_WARN_OBJC_LITERAL_CONVERSION = YES;
				CLANG_WARN_OBJC_ROOT_CLASS = YES_ERROR;
				CLANG_WARN_QUOTED_INCLUDE_IN_FRAMEWORK_HEADER = YES;
				CLANG_WARN_RANGE_LOOP_ANALYSIS = YES;
				CLANG_WARN_STRICT_PROTOTYPES = YES;
				CLANG_WARN_SUSPICIOUS_MOVE = YES;
				CLANG_WARN_UNGUARDED_AVAILABILITY = YES_AGGRESSIVE;
				CLANG_WARN_UNREACHABLE_CODE = YES;
				CLANG_WARN__DUPLICATE_METHOD_MATCH = YES;
				COPY_PHASE_STRIP = NO;
				DEBUG_INFORMATION_FORMAT = "dwarf-with-dsym";
				ENABLE_NS_ASSERTIONS = NO;
				ENABLE_STRICT_OBJC_MSGSEND = YES;
				ENABLE_USER_SCRIPT_SANDBOXING = YES;
				GCC_C_LANGUAGE_STANDARD = gnu17;
				GCC_NO_COMMON_BLOCKS = YES;
				GCC_WARN_64_TO_32_BIT_CONVERSION = YES;
				GCC_WARN_ABOUT_RETURN_TYPE = YES_ERROR;
				GCC_WARN_UNDECLARED_SELECTOR = YES;
				GCC_WARN_UNINITIALIZED_AUTOS = YES_AGGRESSIVE;
				GCC_WARN_UNUSED_FUNCTION = YES;
				GCC_WARN_UNUSED_VARIABLE = YES;
				IPHONEOS_DEPLOYMENT_TARGET = 17.5;
				LOCALIZATION_PREFERS_STRING_CATALOGS = YES;
				MTL_ENABLE_DEBUG_INFO = NO;
				MTL_FAST_MATH = YES;
				SDKROOT = iphoneos;
				SWIFT_COMPILATION_MODE = wholemodule;
				VALIDATE_PRODUCT = YES;
			};
			name = Release;
		};
		4DE2C3FF2C9319070061F44F /* Debug */ = {
			isa = XCBuildConfiguration;
			buildSettings = {
				ASSETCATALOG_COMPILER_APPICON_NAME = AppIcon;
				ASSETCATALOG_COMPILER_GLOBAL_ACCENT_COLOR_NAME = AccentColor;
				CODE_SIGN_STYLE = Automatic;
				CURRENT_PROJECT_VERSION = 1;
				DEVELOPMENT_TEAM = BS6FMWVMX4;
				GENERATE_INFOPLIST_FILE = YES;
				INFOPLIST_FILE = 0st_hw_HyeonSeunghun/Info.plist;
				INFOPLIST_KEY_UIApplicationSupportsIndirectInputEvents = YES;
				INFOPLIST_KEY_UILaunchStoryboardName = LaunchScreen;
				INFOPLIST_KEY_UIMainStoryboardFile = Main;
				INFOPLIST_KEY_UISupportedInterfaceOrientations_iPad = "UIInterfaceOrientationPortrait UIInterfaceOrientationPortraitUpsideDown UIInterfaceOrientationLandscapeLeft UIInterfaceOrientationLandscapeRight";
				INFOPLIST_KEY_UISupportedInterfaceOrientations_iPhone = "UIInterfaceOrientationPortrait UIInterfaceOrientationLandscapeLeft UIInterfaceOrientationLandscapeRight";
				LD_RUNPATH_SEARCH_PATHS = (
					"$(inherited)",
					"@executable_path/Frameworks",
				);
				MARKETING_VERSION = 1.0;
				PRODUCT_BUNDLE_IDENTIFIER = "com.seunghun.assignment.-st-hw-HyeonSeunghun";
				PRODUCT_NAME = "$(TARGET_NAME)";
				SWIFT_EMIT_LOC_STRINGS = YES;
				SWIFT_VERSION = 5.0;
				TARGETED_DEVICE_FAMILY = "1,2";
			};
			name = Debug;
		};
		4DE2C4002C9319070061F44F /* Release */ = {
			isa = XCBuildConfiguration;
			buildSettings = {
				ASSETCATALOG_COMPILER_APPICON_NAME = AppIcon;
				ASSETCATALOG_COMPILER_GLOBAL_ACCENT_COLOR_NAME = AccentColor;
				CODE_SIGN_STYLE = Automatic;
				CURRENT_PROJECT_VERSION = 1;
				DEVELOPMENT_TEAM = BS6FMWVMX4;
				GENERATE_INFOPLIST_FILE = YES;
				INFOPLIST_FILE = 0st_hw_HyeonSeunghun/Info.plist;
				INFOPLIST_KEY_UIApplicationSupportsIndirectInputEvents = YES;
				INFOPLIST_KEY_UILaunchStoryboardName = LaunchScreen;
				INFOPLIST_KEY_UIMainStoryboardFile = Main;
				INFOPLIST_KEY_UISupportedInterfaceOrientations_iPad = "UIInterfaceOrientationPortrait UIInterfaceOrientationPortraitUpsideDown UIInterfaceOrientationLandscapeLeft UIInterfaceOrientationLandscapeRight";
				INFOPLIST_KEY_UISupportedInterfaceOrientations_iPhone = "UIInterfaceOrientationPortrait UIInterfaceOrientationLandscapeLeft UIInterfaceOrientationLandscapeRight";
				LD_RUNPATH_SEARCH_PATHS = (
					"$(inherited)",
					"@executable_path/Frameworks",
				);
				MARKETING_VERSION = 1.0;
				PRODUCT_BUNDLE_IDENTIFIER = "com.seunghun.assignment.-st-hw-HyeonSeunghun";
				PRODUCT_NAME = "$(TARGET_NAME)";
				SWIFT_EMIT_LOC_STRINGS = YES;
				SWIFT_VERSION = 5.0;
				TARGETED_DEVICE_FAMILY = "1,2";
			};
			name = Release;
		};
		4DE2C4022C9319070061F44F /* Debug */ = {
			isa = XCBuildConfiguration;
			buildSettings = {
				ALWAYS_EMBED_SWIFT_STANDARD_LIBRARIES = YES;
				BUNDLE_LOADER = "$(TEST_HOST)";
				CODE_SIGN_STYLE = Automatic;
				CURRENT_PROJECT_VERSION = 1;
				DEVELOPMENT_TEAM = BS6FMWVMX4;
				GENERATE_INFOPLIST_FILE = YES;
				IPHONEOS_DEPLOYMENT_TARGET = 17.5;
				MARKETING_VERSION = 1.0;
				PRODUCT_BUNDLE_IDENTIFIER = "com.seunghun.assignment.-st-hw-HyeonSeunghunTests";
				PRODUCT_NAME = "$(TARGET_NAME)";
				SWIFT_EMIT_LOC_STRINGS = NO;
				SWIFT_VERSION = 5.0;
				TARGETED_DEVICE_FAMILY = "1,2";
				TEST_HOST = "$(BUILT_PRODUCTS_DIR)/0st_hw_HyeonSeunghun.app/$(BUNDLE_EXECUTABLE_FOLDER_PATH)/0st_hw_HyeonSeunghun";
			};
			name = Debug;
		};
		4DE2C4032C9319070061F44F /* Release */ = {
			isa = XCBuildConfiguration;
			buildSettings = {
				ALWAYS_EMBED_SWIFT_STANDARD_LIBRARIES = YES;
				BUNDLE_LOADER = "$(TEST_HOST)";
				CODE_SIGN_STYLE = Automatic;
				CURRENT_PROJECT_VERSION = 1;
				DEVELOPMENT_TEAM = BS6FMWVMX4;
				GENERATE_INFOPLIST_FILE = YES;
				IPHONEOS_DEPLOYMENT_TARGET = 17.5;
				MARKETING_VERSION = 1.0;
				PRODUCT_BUNDLE_IDENTIFIER = "com.seunghun.assignment.-st-hw-HyeonSeunghunTests";
				PRODUCT_NAME = "$(TARGET_NAME)";
				SWIFT_EMIT_LOC_STRINGS = NO;
				SWIFT_VERSION = 5.0;
				TARGETED_DEVICE_FAMILY = "1,2";
				TEST_HOST = "$(BUILT_PRODUCTS_DIR)/0st_hw_HyeonSeunghun.app/$(BUNDLE_EXECUTABLE_FOLDER_PATH)/0st_hw_HyeonSeunghun";
			};
			name = Release;
		};
		4DE2C4052C9319070061F44F /* Debug */ = {
			isa = XCBuildConfiguration;
			buildSettings = {
				ALWAYS_EMBED_SWIFT_STANDARD_LIBRARIES = YES;
				CODE_SIGN_STYLE = Automatic;
				CURRENT_PROJECT_VERSION = 1;
				DEVELOPMENT_TEAM = BS6FMWVMX4;
				GENERATE_INFOPLIST_FILE = YES;
				MARKETING_VERSION = 1.0;
				PRODUCT_BUNDLE_IDENTIFIER = "com.seunghun.assignment.-st-hw-HyeonSeunghunUITests";
				PRODUCT_NAME = "$(TARGET_NAME)";
				SWIFT_EMIT_LOC_STRINGS = NO;
				SWIFT_VERSION = 5.0;
				TARGETED_DEVICE_FAMILY = "1,2";
				TEST_TARGET_NAME = 0st_hw_HyeonSeunghun;
			};
			name = Debug;
		};
		4DE2C4062C9319070061F44F /* Release */ = {
			isa = XCBuildConfiguration;
			buildSettings = {
				ALWAYS_EMBED_SWIFT_STANDARD_LIBRARIES = YES;
				CODE_SIGN_STYLE = Automatic;
				CURRENT_PROJECT_VERSION = 1;
				DEVELOPMENT_TEAM = BS6FMWVMX4;
				GENERATE_INFOPLIST_FILE = YES;
				MARKETING_VERSION = 1.0;
				PRODUCT_BUNDLE_IDENTIFIER = "com.seunghun.assignment.-st-hw-HyeonSeunghunUITests";
				PRODUCT_NAME = "$(TARGET_NAME)";
				SWIFT_EMIT_LOC_STRINGS = NO;
				SWIFT_VERSION = 5.0;
				TARGETED_DEVICE_FAMILY = "1,2";
				TEST_TARGET_NAME = 0st_hw_HyeonSeunghun;
			};
			name = Release;
		};
/* End XCBuildConfiguration section */

/* Begin XCConfigurationList section */
		4DE2C3CF2C9319010061F44F /* Build configuration list for PBXProject "0st_hw_HyeonSeunghun" */ = {
			isa = XCConfigurationList;
			buildConfigurations = (
				4DE2C3FC2C9319070061F44F /* Debug */,
				4DE2C3FD2C9319070061F44F /* Release */,
			);
			defaultConfigurationIsVisible = 0;
			defaultConfigurationName = Release;
		};
		4DE2C3FE2C9319070061F44F /* Build configuration list for PBXNativeTarget "0st_hw_HyeonSeunghun" */ = {
			isa = XCConfigurationList;
			buildConfigurations = (
				4DE2C3FF2C9319070061F44F /* Debug */,
				4DE2C4002C9319070061F44F /* Release */,
			);
			defaultConfigurationIsVisible = 0;
			defaultConfigurationName = Release;
		};
		4DE2C4012C9319070061F44F /* Build configuration list for PBXNativeTarget "0st_hw_HyeonSeunghunTests" */ = {
			isa = XCConfigurationList;
			buildConfigurations = (
				4DE2C4022C9319070061F44F /* Debug */,
				4DE2C4032C9319070061F44F /* Release */,
			);
			defaultConfigurationIsVisible = 0;
			defaultConfigurationName = Release;
		};
		4DE2C4042C9319070061F44F /* Build configuration list for PBXNativeTarget "0st_hw_HyeonSeunghunUITests" */ = {
			isa = XCConfigurationList;
			buildConfigurations = (
				4DE2C4052C9319070061F44F /* Debug */,
				4DE2C4062C9319070061F44F /* Release */,
			);
			defaultConfigurationIsVisible = 0;
			defaultConfigurationName = Release;
		};
/* End XCConfigurationList section */
	};
	rootObject = 4DE2C3CC2C9319010061F44F /* Project object */;
}
